
Microsoft Visual Studio Solution File, Format Version 12.00
# Visual Studio Version 17
VisualStudioVersion = 17.3.32811.315
MinimumVisualStudioVersion = 10.0.40219.1
Project("{FAE04EC0-301F-11D3-BF4B-00C04F79EFBC}") = "Exam scrore predictor", "Exam scrore predictor\Exam scrore predictor.csproj", "{CD66C885-4CE7-4908-9ADA-50346A742449}"
EndProject
Global
	GlobalSection(SolutionConfigurationPlatforms) = preSolution
		Debug|Any CPU = Debug|Any CPU
		Release|Any CPU = Release|Any CPU
	EndGlobalSection
	GlobalSection(ProjectConfigurationPlatforms) = postSolution
		{CD66C885-4CE7-4908-9ADA-50346A742449}.Debug|Any CPU.ActiveCfg = Debug|Any CPU
		{CD66C885-4CE7-4908-9ADA-50346A742449}.Debug|Any CPU.Build.0 = Debug|Any CPU
		{CD66C885-4CE7-4908-9ADA-50346A742449}.Release|Any CPU.ActiveCfg = Release|Any CPU
		{CD66C885-4CE7-4908-9ADA-50346A742449}.Release|Any CPU.Build.0 = Release|Any CPU
	EndGlobalSection
	GlobalSection(SolutionProperties) = preSolution
		HideSolutionNode = FALSE
	EndGlobalSection
	GlobalSection(ExtensibilityGlobals) = postSolution
		SolutionGuid = {EFEFE6EC-DC89-4877-8E7D-CABDDE4737C1}
	EndGlobalSection
EndGlobal
